
Microsoft Visual Studio Solution File, Format Version 12.00
# Visual Studio 15
Project("{FAE04EC0-301F-11D3-BF4B-00C04F79EFBC}") = "MVC", "MVC\MVC.csproj", "{0E774066-C723-45AA-B95F-8F247B73C4FE}"
EndProject
Project("{FAE04EC0-301F-11D3-BF4B-00C04F79EFBC}") = "MVC.Tests", "MVC.Tests\MVC.Tests.csproj", "{5B89B4A3-02D2-4148-8E1A-7CD8065A5816}"
EndProject
Global
	GlobalSection(SolutionConfigurationPlatforms) = preSolution
		Debug|Any CPU = Debug|Any CPU
		Release|Any CPU = Release|Any CPU
	EndGlobalSection
	GlobalSection(ProjectConfigurationPlatforms) = postSolution
		{0E774066-C723-45AA-B95F-8F247B73C4FE}.Debug|Any CPU.ActiveCfg = Debug|Any CPU
		{0E774066-C723-45AA-B95F-8F247B73C4FE}.Debug|Any CPU.Build.0 = Debug|Any CPU
		{0E774066-C723-45AA-B95F-8F247B73C4FE}.Release|Any CPU.ActiveCfg = Release|Any CPU
		{0E774066-C723-45AA-B95F-8F247B73C4FE}.Release|Any CPU.Build.0 = Release|Any CPU
		{5B89B4A3-02D2-4148-8E1A-7CD8065A5816}.Debug|Any CPU.ActiveCfg = Debug|Any CPU
		{5B89B4A3-02D2-4148-8E1A-7CD8065A5816}.Debug|Any CPU.Build.0 = Debug|Any CPU
		{5B89B4A3-02D2-4148-8E1A-7CD8065A5816}.Release|Any CPU.ActiveCfg = Release|Any CPU
		{5B89B4A3-02D2-4148-8E1A-7CD8065A5816}.Release|Any CPU.Build.0 = Release|Any CPU
	EndGlobalSection
EndGlobal
